
Microsoft Visual Studio Solution File, Format Version 12.00
# Visual Studio Version 17
VisualStudioVersion = 17.3.32901.215
MinimumVisualStudioVersion = 10.0.40219.1
Project("{9A19103F-16F7-4668-BE54-9A1E7A4F7556}") = "CVSSCalculator", "CVSSCalculator.csproj", "{B5A4C390-3CEE-4BC8-A089-71DC4BC65B55}"
EndProject
Project("{2150E333-8FDC-42A3-9474-1A3956D46DE8}") = "Solution Items", "Solution Items", "{90C873C9-F5BF-4453-8F04-A6512535661A}"
	ProjectSection(SolutionItems) = preProject
		.editorconfig = .editorconfig
	EndProjectSection
EndProject
Global
	GlobalSection(SolutionConfigurationPlatforms) = preSolution
		Debug|Any CPU = Debug|Any CPU
		Release|Any CPU = Release|Any CPU
	EndGlobalSection
	GlobalSection(ProjectConfigurationPlatforms) = postSolution
		{B5A4C390-3CEE-4BC8-A089-71DC4BC65B55}.Debug|Any CPU.ActiveCfg = Debug|Any CPU
		{B5A4C390-3CEE-4BC8-A089-71DC4BC65B55}.Debug|Any CPU.Build.0 = Debug|Any CPU
		{B5A4C390-3CEE-4BC8-A089-71DC4BC65B55}.Release|Any CPU.ActiveCfg = Release|Any CPU
		{B5A4C390-3CEE-4BC8-A089-71DC4BC65B55}.Release|Any CPU.Build.0 = Release|Any CPU
	EndGlobalSection
	GlobalSection(SolutionProperties) = preSolution
		HideSolutionNode = FALSE
	EndGlobalSection
	GlobalSection(ExtensibilityGlobals) = postSolution
		SolutionGuid = {42CD8B0B-8553-4B86-9174-DF3EC9500558}
	EndGlobalSection
EndGlobal
